
Microsoft Visual Studio Solution File, Format Version 11.00
# Visual Studio 2010
Project("{FAE04EC0-301F-11D3-BF4B-00C04F79EFBC}") = "Gnarum", "..\..\Libraries\Gnarum\Gnarum.csproj", "{B14AE881-043A-43A2-A818-F9A51FEB21FA}"
EndProject
Project("{FAE04EC0-301F-11D3-BF4B-00C04F79EFBC}") = "Gnarum.SAP", "..\..\Libraries\Gnarum.SAP\Gnarum.SAP.csproj", "{4CDAA09D-55BD-4B8B-8C54-F8FF8A9C8BAB}"
EndProject
Project("{FAE04EC0-301F-11D3-BF4B-00C04F79EFBC}") = "Gnarum.Wise", "..\..\Libraries\Gnarum.Wise\Gnarum.Wise.csproj", "{CDCB0CEB-8167-4DCB-B3E8-0BD53B4F8D03}"
EndProject
Project("{FAE04EC0-301F-11D3-BF4B-00C04F79EFBC}") = "Gnarum.Quartz", "..\..\Libraries\Gnarum.Quartz\Gnarum.Quartz.csproj", "{057D802D-9B77-4945-8782-7E0DC7AE6BE4}"
EndProject
Project("{FAE04EC0-301F-11D3-BF4B-00C04F79EFBC}") = "Gnarum.Wise.Model", "..\..\Libraries\Gnarum.Wise.Model\Gnarum.Wise.Model.csproj", "{2FDB7E34-88FC-458D-BCFB-04A7FBD7E9C1}"
EndProject
Project("{FAE04EC0-301F-11D3-BF4B-00C04F79EFBC}") = "Gnarum.Wise.Model.Sap", "..\..\Libraries\Gnarum.Wise.Model.Sap\Gnarum.Wise.Model.Sap.csproj", "{BCB45936-D824-4FAE-943D-B4D9494D1CC4}"
EndProject
Project("{FAE04EC0-301F-11D3-BF4B-00C04F79EFBC}") = "Gnarum.Wise.NotifierSender", "..\..\Libraries\Gnarum.Wise.NotifierSender\Gnarum.Wise.NotifierSender.csproj", "{3EEB4CCF-2DB3-4B50-99CF-7E7F47B991E6}"
EndProject
Project("{FAE04EC0-301F-11D3-BF4B-00C04F79EFBC}") = "Gnarum.Wise.NotifierSender.Model", "..\..\Libraries\Gnarum.Wise.NotifierSender.Model\Gnarum.Wise.NotifierSender.Model.csproj", "{8981A93D-4949-4728-91FD-5E3568A2E376}"
EndProject
Project("{FAE04EC0-301F-11D3-BF4B-00C04F79EFBC}") = "Gnarum.Wise.ZipDeliveryDispatcher", "..\..\Libraries\Gnarum.Wise.ZipDeliveryDispatcher\Gnarum.Wise.ZipDeliveryDispatcher.csproj", "{EA316B8F-5F6E-41C9-8FE7-92F6199C9672}"
EndProject
Project("{FAE04EC0-301F-11D3-BF4B-00C04F79EFBC}") = "ZipDeliveryDispatcherWindowsService", "..\..\Apps\WinServices\ZipDeliveryDispatcherWindowsService\ZipDeliveryDispatcherWindowsService.csproj", "{1DA5C1AF-6896-41F1-A87F-1AED9FF9979A}"
EndProject
Project("{FAE04EC0-301F-11D3-BF4B-00C04F79EFBC}") = "Gnarum.Wise.WinServUtil", "..\..\Libraries\Gnarum.Wise.WinServUtil\Gnarum.Wise.WinServUtil.csproj", "{4927FA36-9ABE-4A2E-9BBB-AB65329B1EAE}"
EndProject
Project("{FAE04EC0-301F-11D3-BF4B-00C04F79EFBC}") = "Gnarum.Wise.DeliveryDispatcher", "..\..\Libraries\Gnarum.Wise.DeliveryDispatcher\Gnarum.Wise.DeliveryDispatcher.csproj", "{245CBB75-EC51-490A-93E4-43DEDD1A3D3E}"
EndProject
Global
	GlobalSection(SolutionConfigurationPlatforms) = preSolution
		Debug|Any CPU = Debug|Any CPU
		Debug|Mixed Platforms = Debug|Mixed Platforms
		Debug|x64 = Debug|x64
		Debug|x86 = Debug|x86
		IIS8_64bits|Any CPU = IIS8_64bits|Any CPU
		IIS8_64bits|Mixed Platforms = IIS8_64bits|Mixed Platforms
		IIS8_64bits|x64 = IIS8_64bits|x64
		IIS8_64bits|x86 = IIS8_64bits|x86
		Release|Any CPU = Release|Any CPU
		Release|Mixed Platforms = Release|Mixed Platforms
		Release|x64 = Release|x64
		Release|x86 = Release|x86
	EndGlobalSection
	GlobalSection(ProjectConfigurationPlatforms) = postSolution
		{B14AE881-043A-43A2-A818-F9A51FEB21FA}.Debug|Any CPU.ActiveCfg = Debug|Any CPU
		{B14AE881-043A-43A2-A818-F9A51FEB21FA}.Debug|Any CPU.Build.0 = Debug|Any CPU
		{B14AE881-043A-43A2-A818-F9A51FEB21FA}.Debug|Mixed Platforms.ActiveCfg = Debug|Any CPU
		{B14AE881-043A-43A2-A818-F9A51FEB21FA}.Debug|Mixed Platforms.Build.0 = Debug|Any CPU
		{B14AE881-043A-43A2-A818-F9A51FEB21FA}.Debug|x64.ActiveCfg = Debug|x64
		{B14AE881-043A-43A2-A818-F9A51FEB21FA}.Debug|x64.Build.0 = Debug|x64
		{B14AE881-043A-43A2-A818-F9A51FEB21FA}.Debug|x86.ActiveCfg = Debug|x64
		{B14AE881-043A-43A2-A818-F9A51FEB21FA}.IIS8_64bits|Any CPU.ActiveCfg = IIS8_64bits|Any CPU
		{B14AE881-043A-43A2-A818-F9A51FEB21FA}.IIS8_64bits|Any CPU.Build.0 = IIS8_64bits|Any CPU
		{B14AE881-043A-43A2-A818-F9A51FEB21FA}.IIS8_64bits|Mixed Platforms.ActiveCfg = IIS8_64bits|x64
		{B14AE881-043A-43A2-A818-F9A51FEB21FA}.IIS8_64bits|Mixed Platforms.Build.0 = IIS8_64bits|x64
		{B14AE881-043A-43A2-A818-F9A51FEB21FA}.IIS8_64bits|x64.ActiveCfg = IIS8_64bits|x64
		{B14AE881-043A-43A2-A818-F9A51FEB21FA}.IIS8_64bits|x64.Build.0 = IIS8_64bits|x64
		{B14AE881-043A-43A2-A818-F9A51FEB21FA}.IIS8_64bits|x86.ActiveCfg = IIS8_64bits|x64
		{B14AE881-043A-43A2-A818-F9A51FEB21FA}.Release|Any CPU.ActiveCfg = Release|Any CPU
		{B14AE881-043A-43A2-A818-F9A51FEB21FA}.Release|Any CPU.Build.0 = Release|Any CPU
		{B14AE881-043A-43A2-A818-F9A51FEB21FA}.Release|Mixed Platforms.ActiveCfg = Release|Any CPU
		{B14AE881-043A-43A2-A818-F9A51FEB21FA}.Release|Mixed Platforms.Build.0 = Release|Any CPU
		{B14AE881-043A-43A2-A818-F9A51FEB21FA}.Release|x64.ActiveCfg = Release|x64
		{B14AE881-043A-43A2-A818-F9A51FEB21FA}.Release|x64.Build.0 = Release|x64
		{B14AE881-043A-43A2-A818-F9A51FEB21FA}.Release|x86.ActiveCfg = Release|x64
		{4CDAA09D-55BD-4B8B-8C54-F8FF8A9C8BAB}.Debug|Any CPU.ActiveCfg = Debug|Any CPU
		{4CDAA09D-55BD-4B8B-8C54-F8FF8A9C8BAB}.Debug|Any CPU.Build.0 = Debug|Any CPU
		{4CDAA09D-55BD-4B8B-8C54-F8FF8A9C8BAB}.Debug|Mixed Platforms.ActiveCfg = Debug|Any CPU
		{4CDAA09D-55BD-4B8B-8C54-F8FF8A9C8BAB}.Debug|Mixed Platforms.Build.0 = Debug|Any CPU
		{4CDAA09D-55BD-4B8B-8C54-F8FF8A9C8BAB}.Debug|x64.ActiveCfg = Debug|Any CPU
		{4CDAA09D-55BD-4B8B-8C54-F8FF8A9C8BAB}.Debug|x86.ActiveCfg = Debug|Any CPU
		{4CDAA09D-55BD-4B8B-8C54-F8FF8A9C8BAB}.IIS8_64bits|Any CPU.ActiveCfg = IIS8_64bits|Any CPU
		{4CDAA09D-55BD-4B8B-8C54-F8FF8A9C8BAB}.IIS8_64bits|Any CPU.Build.0 = IIS8_64bits|Any CPU
		{4CDAA09D-55BD-4B8B-8C54-F8FF8A9C8BAB}.IIS8_64bits|Mixed Platforms.ActiveCfg = IIS8_64bits|Any CPU
		{4CDAA09D-55BD-4B8B-8C54-F8FF8A9C8BAB}.IIS8_64bits|Mixed Platforms.Build.0 = IIS8_64bits|Any CPU
		{4CDAA09D-55BD-4B8B-8C54-F8FF8A9C8BAB}.IIS8_64bits|x64.ActiveCfg = IIS8_64bits|Any CPU
		{4CDAA09D-55BD-4B8B-8C54-F8FF8A9C8BAB}.IIS8_64bits|x86.ActiveCfg = IIS8_64bits|Any CPU
		{4CDAA09D-55BD-4B8B-8C54-F8FF8A9C8BAB}.Release|Any CPU.ActiveCfg = Release|Any CPU
		{4CDAA09D-55BD-4B8B-8C54-F8FF8A9C8BAB}.Release|Any CPU.Build.0 = Release|Any CPU
		{4CDAA09D-55BD-4B8B-8C54-F8FF8A9C8BAB}.Release|Mixed Platforms.ActiveCfg = Release|Any CPU
		{4CDAA09D-55BD-4B8B-8C54-F8FF8A9C8BAB}.Release|Mixed Platforms.Build.0 = Release|Any CPU
		{4CDAA09D-55BD-4B8B-8C54-F8FF8A9C8BAB}.Release|x64.ActiveCfg = Release|Any CPU
		{4CDAA09D-55BD-4B8B-8C54-F8FF8A9C8BAB}.Release|x86.ActiveCfg = Release|Any CPU
		{CDCB0CEB-8167-4DCB-B3E8-0BD53B4F8D03}.Debug|Any CPU.ActiveCfg = Debug|Any CPU
		{CDCB0CEB-8167-4DCB-B3E8-0BD53B4F8D03}.Debug|Any CPU.Build.0 = Debug|Any CPU
		{CDCB0CEB-8167-4DCB-B3E8-0BD53B4F8D03}.Debug|Mixed Platforms.ActiveCfg = Debug|Any CPU
		{CDCB0CEB-8167-4DCB-B3E8-0BD53B4F8D03}.Debug|Mixed Platforms.Build.0 = Debug|Any CPU
		{CDCB0CEB-8167-4DCB-B3E8-0BD53B4F8D03}.Debug|x64.ActiveCfg = Debug|Any CPU
		{CDCB0CEB-8167-4DCB-B3E8-0BD53B4F8D03}.Debug|x86.ActiveCfg = Debug|Any CPU
		{CDCB0CEB-8167-4DCB-B3E8-0BD53B4F8D03}.IIS8_64bits|Any CPU.ActiveCfg = IIS8_64bits|Any CPU
		{CDCB0CEB-8167-4DCB-B3E8-0BD53B4F8D03}.IIS8_64bits|Any CPU.Build.0 = IIS8_64bits|Any CPU
		{CDCB0CEB-8167-4DCB-B3E8-0BD53B4F8D03}.IIS8_64bits|Mixed Platforms.ActiveCfg = IIS8_64bits|Any CPU
		{CDCB0CEB-8167-4DCB-B3E8-0BD53B4F8D03}.IIS8_64bits|Mixed Platforms.Build.0 = IIS8_64bits|Any CPU
		{CDCB0CEB-8167-4DCB-B3E8-0BD53B4F8D03}.IIS8_64bits|x64.ActiveCfg = IIS8_64bits|Any CPU
		{CDCB0CEB-8167-4DCB-B3E8-0BD53B4F8D03}.IIS8_64bits|x86.ActiveCfg = IIS8_64bits|Any CPU
		{CDCB0CEB-8167-4DCB-B3E8-0BD53B4F8D03}.Release|Any CPU.ActiveCfg = Release|Any CPU
		{CDCB0CEB-8167-4DCB-B3E8-0BD53B4F8D03}.Release|Any CPU.Build.0 = Release|Any CPU
		{CDCB0CEB-8167-4DCB-B3E8-0BD53B4F8D03}.Release|Mixed Platforms.ActiveCfg = Release|Any CPU
		{CDCB0CEB-8167-4DCB-B3E8-0BD53B4F8D03}.Release|Mixed Platforms.Build.0 = Release|Any CPU
		{CDCB0CEB-8167-4DCB-B3E8-0BD53B4F8D03}.Release|x64.ActiveCfg = Release|Any CPU
		{CDCB0CEB-8167-4DCB-B3E8-0BD53B4F8D03}.Release|x86.ActiveCfg = Release|Any CPU
		{057D802D-9B77-4945-8782-7E0DC7AE6BE4}.Debug|Any CPU.ActiveCfg = Debug|Any CPU
		{057D802D-9B77-4945-8782-7E0DC7AE6BE4}.Debug|Any CPU.Build.0 = Debug|Any CPU
		{057D802D-9B77-4945-8782-7E0DC7AE6BE4}.Debug|Mixed Platforms.ActiveCfg = Debug|Any CPU
		{057D802D-9B77-4945-8782-7E0DC7AE6BE4}.Debug|Mixed Platforms.Build.0 = Debug|Any CPU
		{057D802D-9B77-4945-8782-7E0DC7AE6BE4}.Debug|x64.ActiveCfg = Debug|Any CPU
		{057D802D-9B77-4945-8782-7E0DC7AE6BE4}.Debug|x86.ActiveCfg = Debug|Any CPU
		{057D802D-9B77-4945-8782-7E0DC7AE6BE4}.IIS8_64bits|Any CPU.ActiveCfg = Release|Any CPU
		{057D802D-9B77-4945-8782-7E0DC7AE6BE4}.IIS8_64bits|Any CPU.Build.0 = Release|Any CPU
		{057D802D-9B77-4945-8782-7E0DC7AE6BE4}.IIS8_64bits|Mixed Platforms.ActiveCfg = Release|Any CPU
		{057D802D-9B77-4945-8782-7E0DC7AE6BE4}.IIS8_64bits|Mixed Platforms.Build.0 = Release|Any CPU
		{057D802D-9B77-4945-8782-7E0DC7AE6BE4}.IIS8_64bits|x64.ActiveCfg = Release|Any CPU
		{057D802D-9B77-4945-8782-7E0DC7AE6BE4}.IIS8_64bits|x86.ActiveCfg = Release|Any CPU
		{057D802D-9B77-4945-8782-7E0DC7AE6BE4}.Release|Any CPU.ActiveCfg = Release|Any CPU
		{057D802D-9B77-4945-8782-7E0DC7AE6BE4}.Release|Any CPU.Build.0 = Release|Any CPU
		{057D802D-9B77-4945-8782-7E0DC7AE6BE4}.Release|Mixed Platforms.ActiveCfg = Release|Any CPU
		{057D802D-9B77-4945-8782-7E0DC7AE6BE4}.Release|Mixed Platforms.Build.0 = Release|Any CPU
		{057D802D-9B77-4945-8782-7E0DC7AE6BE4}.Release|x64.ActiveCfg = Release|Any CPU
		{057D802D-9B77-4945-8782-7E0DC7AE6BE4}.Release|x86.ActiveCfg = Release|Any CPU
		{2FDB7E34-88FC-458D-BCFB-04A7FBD7E9C1}.Debug|Any CPU.ActiveCfg = Debug|Any CPU
		{2FDB7E34-88FC-458D-BCFB-04A7FBD7E9C1}.Debug|Any CPU.Build.0 = Debug|Any CPU
		{2FDB7E34-88FC-458D-BCFB-04A7FBD7E9C1}.Debug|Mixed Platforms.ActiveCfg = Debug|Any CPU
		{2FDB7E34-88FC-458D-BCFB-04A7FBD7E9C1}.Debug|Mixed Platforms.Build.0 = Debug|Any CPU
		{2FDB7E34-88FC-458D-BCFB-04A7FBD7E9C1}.Debug|x64.ActiveCfg = Debug|Any CPU
		{2FDB7E34-88FC-458D-BCFB-04A7FBD7E9C1}.Debug|x86.ActiveCfg = Debug|Any CPU
		{2FDB7E34-88FC-458D-BCFB-04A7FBD7E9C1}.IIS8_64bits|Any CPU.ActiveCfg = IIS8_64bits|Any CPU
		{2FDB7E34-88FC-458D-BCFB-04A7FBD7E9C1}.IIS8_64bits|Any CPU.Build.0 = IIS8_64bits|Any CPU
		{2FDB7E34-88FC-458D-BCFB-04A7FBD7E9C1}.IIS8_64bits|Mixed Platforms.ActiveCfg = IIS8_64bits|Any CPU
		{2FDB7E34-88FC-458D-BCFB-04A7FBD7E9C1}.IIS8_64bits|Mixed Platforms.Build.0 = IIS8_64bits|Any CPU
		{2FDB7E34-88FC-458D-BCFB-04A7FBD7E9C1}.IIS8_64bits|x64.ActiveCfg = IIS8_64bits|Any CPU
		{2FDB7E34-88FC-458D-BCFB-04A7FBD7E9C1}.IIS8_64bits|x86.ActiveCfg = IIS8_64bits|Any CPU
		{2FDB7E34-88FC-458D-BCFB-04A7FBD7E9C1}.Release|Any CPU.ActiveCfg = Release|Any CPU
		{2FDB7E34-88FC-458D-BCFB-04A7FBD7E9C1}.Release|Any CPU.Build.0 = Release|Any CPU
		{2FDB7E34-88FC-458D-BCFB-04A7FBD7E9C1}.Release|Mixed Platforms.ActiveCfg = Release|Any CPU
		{2FDB7E34-88FC-458D-BCFB-04A7FBD7E9C1}.Release|Mixed Platforms.Build.0 = Release|Any CPU
		{2FDB7E34-88FC-458D-BCFB-04A7FBD7E9C1}.Release|x64.ActiveCfg = Release|Any CPU
		{2FDB7E34-88FC-458D-BCFB-04A7FBD7E9C1}.Release|x86.ActiveCfg = Release|Any CPU
		{BCB45936-D824-4FAE-943D-B4D9494D1CC4}.Debug|Any CPU.ActiveCfg = Debug|Any CPU
		{BCB45936-D824-4FAE-943D-B4D9494D1CC4}.Debug|Any CPU.Build.0 = Debug|Any CPU
		{BCB45936-D824-4FAE-943D-B4D9494D1CC4}.Debug|Mixed Platforms.ActiveCfg = Debug|Any CPU
		{BCB45936-D824-4FAE-943D-B4D9494D1CC4}.Debug|Mixed Platforms.Build.0 = Debug|Any CPU
		{BCB45936-D824-4FAE-943D-B4D9494D1CC4}.Debug|x64.ActiveCfg = Debug|Any CPU
		{BCB45936-D824-4FAE-943D-B4D9494D1CC4}.Debug|x86.ActiveCfg = Debug|Any CPU
		{BCB45936-D824-4FAE-943D-B4D9494D1CC4}.IIS8_64bits|Any CPU.ActiveCfg = Release|Any CPU
		{BCB45936-D824-4FAE-943D-B4D9494D1CC4}.IIS8_64bits|Any CPU.Build.0 = Release|Any CPU
		{BCB45936-D824-4FAE-943D-B4D9494D1CC4}.IIS8_64bits|Mixed Platforms.ActiveCfg = Release|Any CPU
		{BCB45936-D824-4FAE-943D-B4D9494D1CC4}.IIS8_64bits|Mixed Platforms.Build.0 = Release|Any CPU
		{BCB45936-D824-4FAE-943D-B4D9494D1CC4}.IIS8_64bits|x64.ActiveCfg = Release|Any CPU
		{BCB45936-D824-4FAE-943D-B4D9494D1CC4}.IIS8_64bits|x86.ActiveCfg = Release|Any CPU
		{BCB45936-D824-4FAE-943D-B4D9494D1CC4}.Release|Any CPU.ActiveCfg = Release|Any CPU
		{BCB45936-D824-4FAE-943D-B4D9494D1CC4}.Release|Any CPU.Build.0 = Release|Any CPU
		{BCB45936-D824-4FAE-943D-B4D9494D1CC4}.Release|Mixed Platforms.ActiveCfg = Release|Any CPU
		{BCB45936-D824-4FAE-943D-B4D9494D1CC4}.Release|Mixed Platforms.Build.0 = Release|Any CPU
		{BCB45936-D824-4FAE-943D-B4D9494D1CC4}.Release|x64.ActiveCfg = Release|Any CPU
		{BCB45936-D824-4FAE-943D-B4D9494D1CC4}.Release|x86.ActiveCfg = Release|Any CPU
		{3EEB4CCF-2DB3-4B50-99CF-7E7F47B991E6}.Debug|Any CPU.ActiveCfg = Debug|Any CPU
		{3EEB4CCF-2DB3-4B50-99CF-7E7F47B991E6}.Debug|Any CPU.Build.0 = Debug|Any CPU
		{3EEB4CCF-2DB3-4B50-99CF-7E7F47B991E6}.Debug|Mixed Platforms.ActiveCfg = Debug|Any CPU
		{3EEB4CCF-2DB3-4B50-99CF-7E7F47B991E6}.Debug|Mixed Platforms.Build.0 = Debug|Any CPU
		{3EEB4CCF-2DB3-4B50-99CF-7E7F47B991E6}.Debug|x64.ActiveCfg = Debug|Any CPU
		{3EEB4CCF-2DB3-4B50-99CF-7E7F47B991E6}.Debug|x86.ActiveCfg = Debug|Any CPU
		{3EEB4CCF-2DB3-4B50-99CF-7E7F47B991E6}.IIS8_64bits|Any CPU.ActiveCfg = Release|Any CPU
		{3EEB4CCF-2DB3-4B50-99CF-7E7F47B991E6}.IIS8_64bits|Any CPU.Build.0 = Release|Any CPU
		{3EEB4CCF-2DB3-4B50-99CF-7E7F47B991E6}.IIS8_64bits|Mixed Platforms.ActiveCfg = Release|Any CPU
		{3EEB4CCF-2DB3-4B50-99CF-7E7F47B991E6}.IIS8_64bits|Mixed Platforms.Build.0 = Release|Any CPU
		{3EEB4CCF-2DB3-4B50-99CF-7E7F47B991E6}.IIS8_64bits|x64.ActiveCfg = Release|Any CPU
		{3EEB4CCF-2DB3-4B50-99CF-7E7F47B991E6}.IIS8_64bits|x86.ActiveCfg = Release|Any CPU
		{3EEB4CCF-2DB3-4B50-99CF-7E7F47B991E6}.Release|Any CPU.ActiveCfg = Release|Any CPU
		{3EEB4CCF-2DB3-4B50-99CF-7E7F47B991E6}.Release|Any CPU.Build.0 = Release|Any CPU
		{3EEB4CCF-2DB3-4B50-99CF-7E7F47B991E6}.Release|Mixed Platforms.ActiveCfg = Release|Any CPU
		{3EEB4CCF-2DB3-4B50-99CF-7E7F47B991E6}.Release|Mixed Platforms.Build.0 = Release|Any CPU
		{3EEB4CCF-2DB3-4B50-99CF-7E7F47B991E6}.Release|x64.ActiveCfg = Release|Any CPU
		{3EEB4CCF-2DB3-4B50-99CF-7E7F47B991E6}.Release|x86.ActiveCfg = Release|Any CPU
		{8981A93D-4949-4728-91FD-5E3568A2E376}.Debug|Any CPU.ActiveCfg = Debug|Any CPU
		{8981A93D-4949-4728-91FD-5E3568A2E376}.Debug|Any CPU.Build.0 = Debug|Any CPU
		{8981A93D-4949-4728-91FD-5E3568A2E376}.Debug|Mixed Platforms.ActiveCfg = Debug|Any CPU
		{8981A93D-4949-4728-91FD-5E3568A2E376}.Debug|Mixed Platforms.Build.0 = Debug|Any CPU
		{8981A93D-4949-4728-91FD-5E3568A2E376}.Debug|x64.ActiveCfg = Debug|Any CPU
		{8981A93D-4949-4728-91FD-5E3568A2E376}.Debug|x86.ActiveCfg = Debug|Any CPU
		{8981A93D-4949-4728-91FD-5E3568A2E376}.IIS8_64bits|Any CPU.ActiveCfg = Release|Any CPU
		{8981A93D-4949-4728-91FD-5E3568A2E376}.IIS8_64bits|Any CPU.Build.0 = Release|Any CPU
		{8981A93D-4949-4728-91FD-5E3568A2E376}.IIS8_64bits|Mixed Platforms.ActiveCfg = Release|Any CPU
		{8981A93D-4949-4728-91FD-5E3568A2E376}.IIS8_64bits|Mixed Platforms.Build.0 = Release|Any CPU
		{8981A93D-4949-4728-91FD-5E3568A2E376}.IIS8_64bits|x64.ActiveCfg = Release|Any CPU
		{8981A93D-4949-4728-91FD-5E3568A2E376}.IIS8_64bits|x86.ActiveCfg = Release|Any CPU
		{8981A93D-4949-4728-91FD-5E3568A2E376}.Release|Any CPU.ActiveCfg = Release|Any CPU
		{8981A93D-4949-4728-91FD-5E3568A2E376}.Release|Any CPU.Build.0 = Release|Any CPU
		{8981A93D-4949-4728-91FD-5E3568A2E376}.Release|Mixed Platforms.ActiveCfg = Release|Any CPU
		{8981A93D-4949-4728-91FD-5E3568A2E376}.Release|Mixed Platforms.Build.0 = Release|Any CPU
		{8981A93D-4949-4728-91FD-5E3568A2E376}.Release|x64.ActiveCfg = Release|Any CPU
		{8981A93D-4949-4728-91FD-5E3568A2E376}.Release|x86.ActiveCfg = Release|Any CPU
		{EA316B8F-5F6E-41C9-8FE7-92F6199C9672}.Debug|Any CPU.ActiveCfg = Debug|Any CPU
		{EA316B8F-5F6E-41C9-8FE7-92F6199C9672}.Debug|Any CPU.Build.0 = Debug|Any CPU
		{EA316B8F-5F6E-41C9-8FE7-92F6199C9672}.Debug|Mixed Platforms.ActiveCfg = Debug|Any CPU
		{EA316B8F-5F6E-41C9-8FE7-92F6199C9672}.Debug|Mixed Platforms.Build.0 = Debug|Any CPU
		{EA316B8F-5F6E-41C9-8FE7-92F6199C9672}.Debug|x64.ActiveCfg = Debug|Any CPU
		{EA316B8F-5F6E-41C9-8FE7-92F6199C9672}.Debug|x86.ActiveCfg = Debug|Any CPU
		{EA316B8F-5F6E-41C9-8FE7-92F6199C9672}.IIS8_64bits|Any CPU.ActiveCfg = Release|Any CPU
		{EA316B8F-5F6E-41C9-8FE7-92F6199C9672}.IIS8_64bits|Any CPU.Build.0 = Release|Any CPU
		{EA316B8F-5F6E-41C9-8FE7-92F6199C9672}.IIS8_64bits|Mixed Platforms.ActiveCfg = Release|Any CPU
		{EA316B8F-5F6E-41C9-8FE7-92F6199C9672}.IIS8_64bits|Mixed Platforms.Build.0 = Release|Any CPU
		{EA316B8F-5F6E-41C9-8FE7-92F6199C9672}.IIS8_64bits|x64.ActiveCfg = Release|Any CPU
		{EA316B8F-5F6E-41C9-8FE7-92F6199C9672}.IIS8_64bits|x86.ActiveCfg = Release|Any CPU
		{EA316B8F-5F6E-41C9-8FE7-92F6199C9672}.Release|Any CPU.ActiveCfg = Release|Any CPU
		{EA316B8F-5F6E-41C9-8FE7-92F6199C9672}.Release|Any CPU.Build.0 = Release|Any CPU
		{EA316B8F-5F6E-41C9-8FE7-92F6199C9672}.Release|Mixed Platforms.ActiveCfg = Release|Any CPU
		{EA316B8F-5F6E-41C9-8FE7-92F6199C9672}.Release|Mixed Platforms.Build.0 = Release|Any CPU
		{EA316B8F-5F6E-41C9-8FE7-92F6199C9672}.Release|x64.ActiveCfg = Release|Any CPU
		{EA316B8F-5F6E-41C9-8FE7-92F6199C9672}.Release|x86.ActiveCfg = Release|Any CPU
		{1DA5C1AF-6896-41F1-A87F-1AED9FF9979A}.Debug|Any CPU.ActiveCfg = Debug|x86
		{1DA5C1AF-6896-41F1-A87F-1AED9FF9979A}.Debug|Mixed Platforms.ActiveCfg = Debug|x86
		{1DA5C1AF-6896-41F1-A87F-1AED9FF9979A}.Debug|Mixed Platforms.Build.0 = Debug|x86
		{1DA5C1AF-6896-41F1-A87F-1AED9FF9979A}.Debug|x64.ActiveCfg = Debug|x86
		{1DA5C1AF-6896-41F1-A87F-1AED9FF9979A}.Debug|x86.ActiveCfg = Debug|x86
		{1DA5C1AF-6896-41F1-A87F-1AED9FF9979A}.Debug|x86.Build.0 = Debug|x86
		{1DA5C1AF-6896-41F1-A87F-1AED9FF9979A}.IIS8_64bits|Any CPU.ActiveCfg = Release|x86
		{1DA5C1AF-6896-41F1-A87F-1AED9FF9979A}.IIS8_64bits|Mixed Platforms.ActiveCfg = Release|x86
		{1DA5C1AF-6896-41F1-A87F-1AED9FF9979A}.IIS8_64bits|Mixed Platforms.Build.0 = Release|x86
		{1DA5C1AF-6896-41F1-A87F-1AED9FF9979A}.IIS8_64bits|x64.ActiveCfg = Release|x86
		{1DA5C1AF-6896-41F1-A87F-1AED9FF9979A}.IIS8_64bits|x86.ActiveCfg = Release|x86
		{1DA5C1AF-6896-41F1-A87F-1AED9FF9979A}.IIS8_64bits|x86.Build.0 = Release|x86
		{1DA5C1AF-6896-41F1-A87F-1AED9FF9979A}.Release|Any CPU.ActiveCfg = Release|x86
		{1DA5C1AF-6896-41F1-A87F-1AED9FF9979A}.Release|Mixed Platforms.ActiveCfg = Release|x86
		{1DA5C1AF-6896-41F1-A87F-1AED9FF9979A}.Release|Mixed Platforms.Build.0 = Release|x86
		{1DA5C1AF-6896-41F1-A87F-1AED9FF9979A}.Release|x64.ActiveCfg = Release|x86
		{1DA5C1AF-6896-41F1-A87F-1AED9FF9979A}.Release|x86.ActiveCfg = Release|x86
		{1DA5C1AF-6896-41F1-A87F-1AED9FF9979A}.Release|x86.Build.0 = Release|x86
		{4927FA36-9ABE-4A2E-9BBB-AB65329B1EAE}.Debug|Any CPU.ActiveCfg = Debug|Any CPU
		{4927FA36-9ABE-4A2E-9BBB-AB65329B1EAE}.Debug|Any CPU.Build.0 = Debug|Any CPU
		{4927FA36-9ABE-4A2E-9BBB-AB65329B1EAE}.Debug|Mixed Platforms.ActiveCfg = Debug|Any CPU
		{4927FA36-9ABE-4A2E-9BBB-AB65329B1EAE}.Debug|Mixed Platforms.Build.0 = Debug|Any CPU
		{4927FA36-9ABE-4A2E-9BBB-AB65329B1EAE}.Debug|x64.ActiveCfg = Debug|Any CPU
		{4927FA36-9ABE-4A2E-9BBB-AB65329B1EAE}.Debug|x86.ActiveCfg = Debug|Any CPU
		{4927FA36-9ABE-4A2E-9BBB-AB65329B1EAE}.IIS8_64bits|Any CPU.ActiveCfg = Release|Any CPU
		{4927FA36-9ABE-4A2E-9BBB-AB65329B1EAE}.IIS8_64bits|Any CPU.Build.0 = Release|Any CPU
		{4927FA36-9ABE-4A2E-9BBB-AB65329B1EAE}.IIS8_64bits|Mixed Platforms.ActiveCfg = Release|Any CPU
		{4927FA36-9ABE-4A2E-9BBB-AB65329B1EAE}.IIS8_64bits|Mixed Platforms.Build.0 = Release|Any CPU
		{4927FA36-9ABE-4A2E-9BBB-AB65329B1EAE}.IIS8_64bits|x64.ActiveCfg = Release|Any CPU
		{4927FA36-9ABE-4A2E-9BBB-AB65329B1EAE}.IIS8_64bits|x86.ActiveCfg = Release|Any CPU
		{4927FA36-9ABE-4A2E-9BBB-AB65329B1EAE}.Release|Any CPU.ActiveCfg = Release|Any CPU
		{4927FA36-9ABE-4A2E-9BBB-AB65329B1EAE}.Release|Any CPU.Build.0 = Release|Any CPU
		{4927FA36-9ABE-4A2E-9BBB-AB65329B1EAE}.Release|Mixed Platforms.ActiveCfg = Release|Any CPU
		{4927FA36-9ABE-4A2E-9BBB-AB65329B1EAE}.Release|Mixed Platforms.Build.0 = Release|Any CPU
		{4927FA36-9ABE-4A2E-9BBB-AB65329B1EAE}.Release|x64.ActiveCfg = Release|Any CPU
		{4927FA36-9ABE-4A2E-9BBB-AB65329B1EAE}.Release|x86.ActiveCfg = Release|Any CPU
		{245CBB75-EC51-490A-93E4-43DEDD1A3D3E}.Debug|Any CPU.ActiveCfg = Debug|Any CPU
		{245CBB75-EC51-490A-93E4-43DEDD1A3D3E}.Debug|Any CPU.Build.0 = Debug|Any CPU
		{245CBB75-EC51-490A-93E4-43DEDD1A3D3E}.Debug|Mixed Platforms.ActiveCfg = Debug|Any CPU
		{245CBB75-EC51-490A-93E4-43DEDD1A3D3E}.Debug|Mixed Platforms.Build.0 = Debug|Any CPU
		{245CBB75-EC51-490A-93E4-43DEDD1A3D3E}.Debug|x64.ActiveCfg = Debug|Any CPU
		{245CBB75-EC51-490A-93E4-43DEDD1A3D3E}.Debug|x86.ActiveCfg = Debug|Any CPU
		{245CBB75-EC51-490A-93E4-43DEDD1A3D3E}.IIS8_64bits|Any CPU.ActiveCfg = Release|Any CPU
		{245CBB75-EC51-490A-93E4-43DEDD1A3D3E}.IIS8_64bits|Any CPU.Build.0 = Release|Any CPU
		{245CBB75-EC51-490A-93E4-43DEDD1A3D3E}.IIS8_64bits|Mixed Platforms.ActiveCfg = Release|Any CPU
		{245CBB75-EC51-490A-93E4-43DEDD1A3D3E}.IIS8_64bits|Mixed Platforms.Build.0 = Release|Any CPU
		{245CBB75-EC51-490A-93E4-43DEDD1A3D3E}.IIS8_64bits|x64.ActiveCfg = Release|Any CPU
		{245CBB75-EC51-490A-93E4-43DEDD1A3D3E}.IIS8_64bits|x86.ActiveCfg = Release|Any CPU
		{245CBB75-EC51-490A-93E4-43DEDD1A3D3E}.Release|Any CPU.ActiveCfg = Release|Any CPU
		{245CBB75-EC51-490A-93E4-43DEDD1A3D3E}.Release|Any CPU.Build.0 = Release|Any CPU
		{245CBB75-EC51-490A-93E4-43DEDD1A3D3E}.Release|Mixed Platforms.ActiveCfg = Release|Any CPU
		{245CBB75-EC51-490A-93E4-43DEDD1A3D3E}.Release|Mixed Platforms.Build.0 = Release|Any CPU
		{245CBB75-EC51-490A-93E4-43DEDD1A3D3E}.Release|x64.ActiveCfg = Release|Any CPU
		{245CBB75-EC51-490A-93E4-43DEDD1A3D3E}.Release|x86.ActiveCfg = Release|Any CPU
	EndGlobalSection
	GlobalSection(SolutionProperties) = preSolution
		HideSolutionNode = FALSE
	EndGlobalSection
EndGlobal
